# This file is autogenerated, do not edit; changes may be undone by the next 'dep ensure'.


[[projects]]
  name = "github.com/gocraft/web"
  packages = ["."]
  revision = "0973dfd3866277297f7caed311af67cc4ca1126e"
  version = "v1.1"

[[projects]]
  name = "github.com/mlctrez/gokeyserve"
  packages = ["server"]
  revision = "faf25e393dbdddd5139b32a50d779cd244d01999"
  version = "v1.0.0"

[solve-meta]
  analyzer-name = "dep"
  analyzer-version = 1
  inputs-digest = "0aff56331ae4f25bd13a9e53cb6956aafd8d0164095b85a679bf1d26aa0c2525"
  solver-name = "gps-cdcl"
  solver-version = 1
